
Microsoft Visual Studio Solution File, Format Version 12.00
# Visual Studio Version 16
VisualStudioVersion = 16.0.29613.14
MinimumVisualStudioVersion = 10.0.40219.1
Project("{FAE04EC0-301F-11D3-BF4B-00C04F79EFBC}") = "DibujarPtos", "DibujarPtos.csproj", "{2CB82788-F517-48C8-8E63-DFF822896D01}"
EndProject
Global
	GlobalSection(SolutionConfigurationPlatforms) = preSolution
		Debug|Any CPU = Debug|Any CPU
		Release|Any CPU = Release|Any CPU
	EndGlobalSection
	GlobalSection(ProjectConfigurationPlatforms) = postSolution
		{2CB82788-F517-48C8-8E63-DFF822896D01}.Debug|Any CPU.ActiveCfg = Debug|Any CPU
		{2CB82788-F517-48C8-8E63-DFF822896D01}.Debug|Any CPU.Build.0 = Debug|Any CPU
		{2CB82788-F517-48C8-8E63-DFF822896D01}.Release|Any CPU.ActiveCfg = Release|Any CPU
		{2CB82788-F517-48C8-8E63-DFF822896D01}.Release|Any CPU.Build.0 = Release|Any CPU
	EndGlobalSection
	GlobalSection(SolutionProperties) = preSolution
		HideSolutionNode = FALSE
	EndGlobalSection
	GlobalSection(ExtensibilityGlobals) = postSolution
		SolutionGuid = {A5DD35BB-3C0D-4A09-A305-350EDCBE96DB}
	EndGlobalSection
EndGlobal
